
Microsoft Visual Studio Solution File, Format Version 12.00
Project("{FAE04EC0-301F-11D3-BF4B-00C04F79EFBC}") = "SQPakParser", "SQPakParser\SQPakParser.csproj", "{1B50DF28-6A75-459A-9117-AB228F1CE7E5}"
EndProject
Global
	GlobalSection(SolutionConfigurationPlatforms) = preSolution
		Debug|Any CPU = Debug|Any CPU
		Release|Any CPU = Release|Any CPU
	EndGlobalSection
	GlobalSection(ProjectConfigurationPlatforms) = postSolution
		{1B50DF28-6A75-459A-9117-AB228F1CE7E5}.Debug|Any CPU.ActiveCfg = Debug|Any CPU
		{1B50DF28-6A75-459A-9117-AB228F1CE7E5}.Debug|Any CPU.Build.0 = Debug|Any CPU
		{1B50DF28-6A75-459A-9117-AB228F1CE7E5}.Release|Any CPU.ActiveCfg = Release|Any CPU
		{1B50DF28-6A75-459A-9117-AB228F1CE7E5}.Release|Any CPU.Build.0 = Release|Any CPU
	EndGlobalSection
EndGlobal
